
Microsoft Visual Studio Solution File, Format Version 12.00
# Visual Studio Version 17
VisualStudioVersion = 17.4.33205.214
MinimumVisualStudioVersion = 10.0.40219.1
Project("{9A19103F-16F7-4668-BE54-9A1E7A4F7556}") = "OOP01", "OOP01\OOP01.csproj", "{109CEAF4-20CE-443D-8955-D3BEFCF7438E}"
EndProject
Project("{FAE04EC0-301F-11D3-BF4B-00C04F79EFBC}") = "OOP02", "OOP02\OOP02.csproj", "{080D9A62-AB5A-4927-A377-0A11F14978E1}"
EndProject
Global
	GlobalSection(SolutionConfigurationPlatforms) = preSolution
		Debug|Any CPU = Debug|Any CPU
		Release|Any CPU = Release|Any CPU
	EndGlobalSection
	GlobalSection(ProjectConfigurationPlatforms) = postSolution
		{109CEAF4-20CE-443D-8955-D3BEFCF7438E}.Debug|Any CPU.ActiveCfg = Debug|Any CPU
		{109CEAF4-20CE-443D-8955-D3BEFCF7438E}.Debug|Any CPU.Build.0 = Debug|Any CPU
		{109CEAF4-20CE-443D-8955-D3BEFCF7438E}.Release|Any CPU.ActiveCfg = Release|Any CPU
		{109CEAF4-20CE-443D-8955-D3BEFCF7438E}.Release|Any CPU.Build.0 = Release|Any CPU
		{080D9A62-AB5A-4927-A377-0A11F14978E1}.Debug|Any CPU.ActiveCfg = Debug|Any CPU
		{080D9A62-AB5A-4927-A377-0A11F14978E1}.Debug|Any CPU.Build.0 = Debug|Any CPU
		{080D9A62-AB5A-4927-A377-0A11F14978E1}.Release|Any CPU.ActiveCfg = Release|Any CPU
		{080D9A62-AB5A-4927-A377-0A11F14978E1}.Release|Any CPU.Build.0 = Release|Any CPU
	EndGlobalSection
	GlobalSection(SolutionProperties) = preSolution
		HideSolutionNode = FALSE
	EndGlobalSection
	GlobalSection(ExtensibilityGlobals) = postSolution
		SolutionGuid = {11A14F8F-AD3E-4CDF-BFAA-6C71C53CB17F}
	EndGlobalSection
EndGlobal
